
Microsoft Visual Studio Solution File, Format Version 12.00
# Visual Studio Version 17
VisualStudioVersion = 17.4.33213.308
MinimumVisualStudioVersion = 10.0.40219.1
Project("{FAE04EC0-301F-11D3-BF4B-00C04F79EFBC}") = "classe-path", "classe-path\classe-path.csproj", "{2724706C-6BB0-4D68-889B-A26CD0B82C03}"
EndProject
Global
	GlobalSection(SolutionConfigurationPlatforms) = preSolution
		Debug|Any CPU = Debug|Any CPU
		Release|Any CPU = Release|Any CPU
	EndGlobalSection
	GlobalSection(ProjectConfigurationPlatforms) = postSolution
		{2724706C-6BB0-4D68-889B-A26CD0B82C03}.Debug|Any CPU.ActiveCfg = Debug|Any CPU
		{2724706C-6BB0-4D68-889B-A26CD0B82C03}.Debug|Any CPU.Build.0 = Debug|Any CPU
		{2724706C-6BB0-4D68-889B-A26CD0B82C03}.Release|Any CPU.ActiveCfg = Release|Any CPU
		{2724706C-6BB0-4D68-889B-A26CD0B82C03}.Release|Any CPU.Build.0 = Release|Any CPU
	EndGlobalSection
	GlobalSection(SolutionProperties) = preSolution
		HideSolutionNode = FALSE
	EndGlobalSection
	GlobalSection(ExtensibilityGlobals) = postSolution
		SolutionGuid = {19724116-F578-4EB2-B2A3-21D74D9F5048}
	EndGlobalSection
EndGlobal
