
Microsoft Visual Studio Solution File, Format Version 12.00
# Visual Studio Version 17
VisualStudioVersion = 17.4.33213.308
MinimumVisualStudioVersion = 10.0.40219.1
Project("{FAE04EC0-301F-11D3-BF4B-00C04F79EFBC}") = "filestream-e-streamreader", "filestream-e-streamreader\filestream-e-streamreader.csproj", "{92DE59E4-1E1A-4D46-A31C-1442A7157AA8}"
EndProject
Global
	GlobalSection(SolutionConfigurationPlatforms) = preSolution
		Debug|Any CPU = Debug|Any CPU
		Release|Any CPU = Release|Any CPU
	EndGlobalSection
	GlobalSection(ProjectConfigurationPlatforms) = postSolution
		{92DE59E4-1E1A-4D46-A31C-1442A7157AA8}.Debug|Any CPU.ActiveCfg = Debug|Any CPU
		{92DE59E4-1E1A-4D46-A31C-1442A7157AA8}.Debug|Any CPU.Build.0 = Debug|Any CPU
		{92DE59E4-1E1A-4D46-A31C-1442A7157AA8}.Release|Any CPU.ActiveCfg = Release|Any CPU
		{92DE59E4-1E1A-4D46-A31C-1442A7157AA8}.Release|Any CPU.Build.0 = Release|Any CPU
	EndGlobalSection
	GlobalSection(SolutionProperties) = preSolution
		HideSolutionNode = FALSE
	EndGlobalSection
	GlobalSection(ExtensibilityGlobals) = postSolution
		SolutionGuid = {B954A217-D855-460A-A9C3-BF651599DDE0}
	EndGlobalSection
EndGlobal
