
Microsoft Visual Studio Solution File, Format Version 12.00
# Visual Studio Version 16
VisualStudioVersion = 16.0.33214.272
MinimumVisualStudioVersion = 10.0.40219.1
Project("{FAE04EC0-301F-11D3-BF4B-00C04F79EFBC}") = "vetores", "vetores\vetores.csproj", "{A01B67DD-64F7-4AB8-B426-80F6E5A51BE4}"
EndProject
Global
	GlobalSection(SolutionConfigurationPlatforms) = preSolution
		Debug|Any CPU = Debug|Any CPU
		Release|Any CPU = Release|Any CPU
	EndGlobalSection
	GlobalSection(ProjectConfigurationPlatforms) = postSolution
		{A01B67DD-64F7-4AB8-B426-80F6E5A51BE4}.Debug|Any CPU.ActiveCfg = Debug|Any CPU
		{A01B67DD-64F7-4AB8-B426-80F6E5A51BE4}.Debug|Any CPU.Build.0 = Debug|Any CPU
		{A01B67DD-64F7-4AB8-B426-80F6E5A51BE4}.Release|Any CPU.ActiveCfg = Release|Any CPU
		{A01B67DD-64F7-4AB8-B426-80F6E5A51BE4}.Release|Any CPU.Build.0 = Release|Any CPU
	EndGlobalSection
	GlobalSection(SolutionProperties) = preSolution
		HideSolutionNode = FALSE
	EndGlobalSection
	GlobalSection(ExtensibilityGlobals) = postSolution
		SolutionGuid = {34396D35-F8B5-4CB7-B551-A2BDED033624}
	EndGlobalSection
EndGlobal
